
Microsoft Visual Studio Solution File, Format Version 12.00
# Visual Studio 15
VisualStudioVersion = 15.0.27703.2035
MinimumVisualStudioVersion = 10.0.40219.1
Project("{FAE04EC0-301F-11D3-BF4B-00C04F79EFBC}") = "EmployeeAppcore", "EmployeeAppcore\EmployeeAppcore.csproj", "{AFCE6E6F-4155-4EFB-92E2-E61500200ACE}"
EndProject
Global
	GlobalSection(SolutionConfigurationPlatforms) = preSolution
		Debug|Any CPU = Debug|Any CPU
		Release|Any CPU = Release|Any CPU
	EndGlobalSection
	GlobalSection(ProjectConfigurationPlatforms) = postSolution
		{AFCE6E6F-4155-4EFB-92E2-E61500200ACE}.Debug|Any CPU.ActiveCfg = Debug|Any CPU
		{AFCE6E6F-4155-4EFB-92E2-E61500200ACE}.Debug|Any CPU.Build.0 = Debug|Any CPU
		{AFCE6E6F-4155-4EFB-92E2-E61500200ACE}.Release|Any CPU.ActiveCfg = Release|Any CPU
		{AFCE6E6F-4155-4EFB-92E2-E61500200ACE}.Release|Any CPU.Build.0 = Release|Any CPU
	EndGlobalSection
	GlobalSection(SolutionProperties) = preSolution
		HideSolutionNode = FALSE
	EndGlobalSection
	GlobalSection(ExtensibilityGlobals) = postSolution
		SolutionGuid = {3B4C658A-CA5E-4978-8F8D-72CE8281ABA4}
	EndGlobalSection
EndGlobal
